
Microsoft Visual Studio Solution File, Format Version 12.00
# Visual Studio 15
VisualStudioVersion = 15.0.28307.757
MinimumVisualStudioVersion = 10.0.40219.1
Project("{FAE04EC0-301F-11D3-BF4B-00C04F79EFBC}") = "COMP123-S2019-Assignment4-301041985", "COMP123-S2019-Assignment4-301041985\COMP123-S2019-Assignment4-301041985.csproj", "{F51122E1-FC99-430B-A049-F46B204CED31}"
EndProject
Global
	GlobalSection(SolutionConfigurationPlatforms) = preSolution
		Debug|Any CPU = Debug|Any CPU
		Release|Any CPU = Release|Any CPU
	EndGlobalSection
	GlobalSection(ProjectConfigurationPlatforms) = postSolution
		{F51122E1-FC99-430B-A049-F46B204CED31}.Debug|Any CPU.ActiveCfg = Debug|Any CPU
		{F51122E1-FC99-430B-A049-F46B204CED31}.Debug|Any CPU.Build.0 = Debug|Any CPU
		{F51122E1-FC99-430B-A049-F46B204CED31}.Release|Any CPU.ActiveCfg = Release|Any CPU
		{F51122E1-FC99-430B-A049-F46B204CED31}.Release|Any CPU.Build.0 = Release|Any CPU
	EndGlobalSection
	GlobalSection(SolutionProperties) = preSolution
		HideSolutionNode = FALSE
	EndGlobalSection
	GlobalSection(ExtensibilityGlobals) = postSolution
		SolutionGuid = {4478FD19-8D0F-42D3-90D3-24C326A415FA}
	EndGlobalSection
EndGlobal
